
Microsoft Visual Studio Solution File, Format Version 12.00
# Visual Studio 15
VisualStudioVersion = 15.0.28307.329
MinimumVisualStudioVersion = 10.0.40219.1
Project("{9A19103F-16F7-4668-BE54-9A1E7A4F7556}") = "ProductoEjmplo", "NetCore1.1_Prueba\ProductoEjmplo.csproj", "{7B6C4966-2C74-41EF-8BD0-EAB5702A6996}"
EndProject
Global
	GlobalSection(SolutionConfigurationPlatforms) = preSolution
		Debug|Any CPU = Debug|Any CPU
		Release|Any CPU = Release|Any CPU
	EndGlobalSection
	GlobalSection(ProjectConfigurationPlatforms) = postSolution
		{7B6C4966-2C74-41EF-8BD0-EAB5702A6996}.Debug|Any CPU.ActiveCfg = Debug|Any CPU
		{7B6C4966-2C74-41EF-8BD0-EAB5702A6996}.Debug|Any CPU.Build.0 = Debug|Any CPU
		{7B6C4966-2C74-41EF-8BD0-EAB5702A6996}.Release|Any CPU.ActiveCfg = Release|Any CPU
		{7B6C4966-2C74-41EF-8BD0-EAB5702A6996}.Release|Any CPU.Build.0 = Release|Any CPU
	EndGlobalSection
	GlobalSection(SolutionProperties) = preSolution
		HideSolutionNode = FALSE
	EndGlobalSection
	GlobalSection(ExtensibilityGlobals) = postSolution
		SolutionGuid = {1EE44AD0-02CF-49AA-9D61-945E704C7CEC}
	EndGlobalSection
EndGlobal
